// !$*UTF8*$!
{ archiveVersion = 1; classes = {}; objectVersion = 56; objects = {
D34F0DCA041130C1119E694E = {isa = PBXFileReference; lastKnownFileType = sourcecode.swift; path = "NativeLibrary.swift"; sourceTree = "<group>"; };
8DE44B3DA34C934AF483D5D6 = {isa = PBXBuildFile; fileRef = D34F0DCA041130C1119E694E; };
912B8ABED1682BF7F2768F83 = {isa = PBXGroup; children = (D34F0DCA041130C1119E694E); path = "Presentation"; sourceTree = "<group>"; };
0B168BC5C545B60F552332B9 = {isa = PBXFileReference; lastKnownFileType = sourcecode.swift; path = "OutdoorGearApp.swift"; sourceTree = "<group>"; };
1FD84382D7214937F1AA5B8D = {isa = PBXBuildFile; fileRef = 0B168BC5C545B60F552332B9; };
91468586F9881985D065A03B = {isa = PBXGroup; children = (912B8ABED1682BF7F2768F83,0B168BC5C545B60F552332B9); path = "App"; sourceTree = "<group>"; };
3FD3EFDE36F533C58D2B4E16 = {isa = PBXFileReference; lastKnownFileType = sourcecode.swift; path = "BackupActions.swift"; sourceTree = "<group>"; };
0EA29F9A67B781F6C1D6E8C4 = {isa = PBXBuildFile; fileRef = 3FD3EFDE36F533C58D2B4E16; };
B3590FFC80DD5EC3D4A6325C = {isa = PBXFileReference; lastKnownFileType = sourcecode.swift; path = "GearStore.swift"; sourceTree = "<group>"; };
2DA5AC263415BE196A45A7A6 = {isa = PBXBuildFile; fileRef = B3590FFC80DD5EC3D4A6325C; };
CA4027C5AC586933CD13E3CE = {isa = PBXGroup; children = (3FD3EFDE36F533C58D2B4E16,B3590FFC80DD5EC3D4A6325C); path = "Application"; sourceTree = "<group>"; };
2FE80B0A65DC69F30B847F39 = {isa = PBXFileReference; lastKnownFileType = sourcecode.swift; path = "BackupMerge.swift"; sourceTree = "<group>"; };
9DB6EE10B66FCB261E13B57C = {isa = PBXBuildFile; fileRef = 2FE80B0A65DC69F30B847F39; };
70CB423A8D41E6F27227BD68 = {isa = PBXFileReference; lastKnownFileType = sourcecode.swift; path = "InventoryMigration.swift"; sourceTree = "<group>"; };
80F8C118C740C59023D6FAF7 = {isa = PBXBuildFile; fileRef = 70CB423A8D41E6F27227BD68; };
9B3C87AC45771BAB5D7ED65E = {isa = PBXFileReference; lastKnownFileType = sourcecode.swift; path = "InventoryRepository.swift"; sourceTree = "<group>"; };
B42603F51793079B5E8F49E0 = {isa = PBXBuildFile; fileRef = 9B3C87AC45771BAB5D7ED65E; };
DB3D0DF96F9410B29A078EB3 = {isa = PBXGroup; children = (2FE80B0A65DC69F30B847F39,70CB423A8D41E6F27227BD68,9B3C87AC45771BAB5D7ED65E); path = "Business"; sourceTree = "<group>"; };
1052276389CDB0B799F20E3A = {isa = PBXFileReference; lastKnownFileType = sourcecode.swift; path = "BackupAssetRestorer.swift"; sourceTree = "<group>"; };
9675157C0EB989AE8D19F13D = {isa = PBXBuildFile; fileRef = 1052276389CDB0B799F20E3A; };
B9C60ACF515DC91E7E82E88B = {isa = PBXFileReference; lastKnownFileType = sourcecode.swift; path = "InventoryBackupService.swift"; sourceTree = "<group>"; };
AFDD80A60C8435461754C0AD = {isa = PBXBuildFile; fileRef = B9C60ACF515DC91E7E82E88B; };
8DF1FA4A91EBFD17AA67F756 = {isa = PBXFileReference; lastKnownFileType = sourcecode.swift; path = "JSONInventoryRepository.swift"; sourceTree = "<group>"; };
9E86758D474C239127FEEB82 = {isa = PBXBuildFile; fileRef = 8DF1FA4A91EBFD17AA67F756; };
47CE66E42392F1291CCDC0B2 = {isa = PBXGroup; children = (1052276389CDB0B799F20E3A,B9C60ACF515DC91E7E82E88B,8DF1FA4A91EBFD17AA67F756); path = "Data"; sourceTree = "<group>"; };
BCA5C5BC74BB51A6E1BF086E = {isa = PBXFileReference; lastKnownFileType = sourcecode.swift; path = "Inventory.swift"; sourceTree = "<group>"; };
DDB35B26A3FAD9AC61144075 = {isa = PBXBuildFile; fileRef = BCA5C5BC74BB51A6E1BF086E; };
587DBBD35676E88541923B94 = {isa = PBXFileReference; lastKnownFileType = sourcecode.swift; path = "InventoryValidation.swift"; sourceTree = "<group>"; };
67E6FF33B1D832DBAB7490D3 = {isa = PBXBuildFile; fileRef = 587DBBD35676E88541923B94; };
D605FEB84BF96D247F092A9D = {isa = PBXGroup; children = (BCA5C5BC74BB51A6E1BF086E,587DBBD35676E88541923B94); path = "Domain"; sourceTree = "<group>"; };
7898CF8087F127C2DF6744B8 = {isa = PBXGroup; children = (CA4027C5AC586933CD13E3CE,DB3D0DF96F9410B29A078EB3,47CE66E42392F1291CCDC0B2,D605FEB84BF96D247F092A9D); path = "Core"; sourceTree = "<group>"; };
4B2809D9E679EDB44AAC55C1 = {isa = PBXFileReference; lastKnownFileType = sourcecode.swift; path = "EquipmentStatistic.swift"; sourceTree = "<group>"; };
320ABEADA06F21795C3CFC9F = {isa = PBXBuildFile; fileRef = 4B2809D9E679EDB44AAC55C1; };
5BEDCED1F4D993D5FCCB1723 = {isa = PBXGroup; children = (4B2809D9E679EDB44AAC55C1); path = "Business"; sourceTree = "<group>"; };
EC62685D05B6DD2C130D7494 = {isa = PBXFileReference; lastKnownFileType = sourcecode.swift; path = "Distribution.swift"; sourceTree = "<group>"; };
BD02DD0DEBEC087334CF2F98 = {isa = PBXBuildFile; fileRef = EC62685D05B6DD2C130D7494; };
30686D3A7925AFA4F71D3A7B = {isa = PBXGroup; children = (EC62685D05B6DD2C130D7494); path = "Domain"; sourceTree = "<group>"; };
40BD708BEE10A55103D655A4 = {isa = PBXFileReference; lastKnownFileType = sourcecode.swift; path = "DashboardView.swift"; sourceTree = "<group>"; };
494D175DF33F9D023B274B7A = {isa = PBXBuildFile; fileRef = 40BD708BEE10A55103D655A4; };
694E0A1C2391D5C097AF3EF6 = {isa = PBXGroup; children = (40BD708BEE10A55103D655A4); path = "Presentation"; sourceTree = "<group>"; };
52B0C5F862EAD286F616A0F0 = {isa = PBXGroup; children = (5BEDCED1F4D993D5FCCB1723,30686D3A7925AFA4F71D3A7B,694E0A1C2391D5C097AF3EF6); path = "Dashboard"; sourceTree = "<group>"; };
495B09F14E7BB37C84D520DD = {isa = PBXFileReference; lastKnownFileType = sourcecode.swift; path = "GearActions.swift"; sourceTree = "<group>"; };
D943E9A32E1F14A6443E4312 = {isa = PBXBuildFile; fileRef = 495B09F14E7BB37C84D520DD; };
1046AEBC656E8B3E3B6A9A20 = {isa = PBXGroup; children = (495B09F14E7BB37C84D520DD); path = "Application"; sourceTree = "<group>"; };
1F1236A3E7E81B1A2D04DE43 = {isa = PBXFileReference; lastKnownFileType = sourcecode.swift; path = "GearOperations.swift"; sourceTree = "<group>"; };
15EDCB57F02116581FB2EC37 = {isa = PBXBuildFile; fileRef = 1F1236A3E7E81B1A2D04DE43; };
1F8DD75E2ECCFA5043578F0D = {isa = PBXGroup; children = (1F1236A3E7E81B1A2D04DE43); path = "Business"; sourceTree = "<group>"; };
B591F7DF6314EB6C3326DCB2 = {isa = PBXFileReference; lastKnownFileType = sourcecode.swift; path = "GearAttachmentFiles.swift"; sourceTree = "<group>"; };
1C8021CDB8573CA5F82C291C = {isa = PBXBuildFile; fileRef = B591F7DF6314EB6C3326DCB2; };
53E1D771C741C0C9EDF3D059 = {isa = PBXGroup; children = (B591F7DF6314EB6C3326DCB2); path = "Data"; sourceTree = "<group>"; };
C4F83CC9BA676101B77AEDEB = {isa = PBXFileReference; lastKnownFileType = sourcecode.swift; path = "CategoryMatching.swift"; sourceTree = "<group>"; };
0DB986B943CBE152E3417FE0 = {isa = PBXBuildFile; fileRef = C4F83CC9BA676101B77AEDEB; };
006F4C189E92BB5B82FB2E3A = {isa = PBXFileReference; lastKnownFileType = sourcecode.swift; path = "CategoryOrganization.swift"; sourceTree = "<group>"; };
CB84DCDF205C7DECDEB70C2A = {isa = PBXBuildFile; fileRef = 006F4C189E92BB5B82FB2E3A; };
AF30E2BE26FC000904D25946 = {isa = PBXFileReference; lastKnownFileType = sourcecode.swift; path = "Gear.swift"; sourceTree = "<group>"; };
5BD0051C60D315CCD57E3117 = {isa = PBXBuildFile; fileRef = AF30E2BE26FC000904D25946; };
A9A6B219F3D8DA6044170D11 = {isa = PBXFileReference; lastKnownFileType = sourcecode.swift; path = "GearAttachment.swift"; sourceTree = "<group>"; };
6C382492D84D377B67969173 = {isa = PBXBuildFile; fileRef = A9A6B219F3D8DA6044170D11; };
5AD2C067085C466BD6673B63 = {isa = PBXFileReference; lastKnownFileType = sourcecode.swift; path = "GearExtras.swift"; sourceTree = "<group>"; };
B5A02E3C76B409426FFFB36E = {isa = PBXBuildFile; fileRef = 5AD2C067085C466BD6673B63; };
1A0A37B7AF2EC74993543460 = {isa = PBXFileReference; lastKnownFileType = sourcecode.swift; path = "GearSubcategories.swift"; sourceTree = "<group>"; };
787CB3103CEEDE1F6A523DC4 = {isa = PBXBuildFile; fileRef = 1A0A37B7AF2EC74993543460; };
077B5767A2009F4AF3358618 = {isa = PBXFileReference; lastKnownFileType = sourcecode.swift; path = "GearTag.swift"; sourceTree = "<group>"; };
1F53AFBA9E9A9469AB103BE5 = {isa = PBXBuildFile; fileRef = 077B5767A2009F4AF3358618; };
00E0725ADE29FEB14158C0EC = {isa = PBXFileReference; lastKnownFileType = sourcecode.swift; path = "GearTemplate.swift"; sourceTree = "<group>"; };
75EEA992004E2506A2B9761B = {isa = PBXBuildFile; fileRef = 00E0725ADE29FEB14158C0EC; };
8BD82DF40C59E966FDC0A6AA = {isa = PBXFileReference; lastKnownFileType = sourcecode.swift; path = "InventoryHierarchy.swift"; sourceTree = "<group>"; };
74A0D983FED5699AAE64BB51 = {isa = PBXBuildFile; fileRef = 8BD82DF40C59E966FDC0A6AA; };
37240A256FD6DC5138C7699B = {isa = PBXGroup; children = (C4F83CC9BA676101B77AEDEB,006F4C189E92BB5B82FB2E3A,AF30E2BE26FC000904D25946,A9A6B219F3D8DA6044170D11,5AD2C067085C466BD6673B63,1A0A37B7AF2EC74993543460,077B5767A2009F4AF3358618,00E0725ADE29FEB14158C0EC,8BD82DF40C59E966FDC0A6AA); path = "Domain"; sourceTree = "<group>"; };
3E8D5DD49A82B7E6D3DD24DE = {isa = PBXFileReference; lastKnownFileType = sourcecode.swift; path = "AttachmentDialogs.swift"; sourceTree = "<group>"; };
14CEFC8400A9900E96BE6063 = {isa = PBXBuildFile; fileRef = 3E8D5DD49A82B7E6D3DD24DE; };
EF8D17733B5096192748028C = {isa = PBXFileReference; lastKnownFileType = sourcecode.swift; path = "BatchEditor.swift"; sourceTree = "<group>"; };
4C416564DE745A441769BD02 = {isa = PBXBuildFile; fileRef = EF8D17733B5096192748028C; };
9AA9813C1BFCF1B7FD389C3B = {isa = PBXFileReference; lastKnownFileType = sourcecode.swift; path = "DuplicateEditor.swift"; sourceTree = "<group>"; };
DBD1B17F36DD2C3F2E0D2465 = {isa = PBXBuildFile; fileRef = 9AA9813C1BFCF1B7FD389C3B; };
E42FBCF9329B18CA92BBD4E1 = {isa = PBXFileReference; lastKnownFileType = sourcecode.swift; path = "FullGearDetail.swift"; sourceTree = "<group>"; };
46CCF4D5F81ABED259F271CB = {isa = PBXBuildFile; fileRef = E42FBCF9329B18CA92BBD4E1; };
9082AC1C8834AA5D329BBF7B = {isa = PBXFileReference; lastKnownFileType = sourcecode.swift; path = "FullGearEditor.swift"; sourceTree = "<group>"; };
590A608DDD8DFB34B26C3212 = {isa = PBXBuildFile; fileRef = 9082AC1C8834AA5D329BBF7B; };
C816E6ACAB745CEF7B3E3D67 = {isa = PBXFileReference; lastKnownFileType = sourcecode.swift; path = "GearCategoryBrowser.swift"; sourceTree = "<group>"; };
62FC6B9D15EEA5A67F8D2FEC = {isa = PBXBuildFile; fileRef = C816E6ACAB745CEF7B3E3D67; };
0819D938F535BF05CCBFE5DF = {isa = PBXFileReference; lastKnownFileType = sourcecode.swift; path = "GearDraft.swift"; sourceTree = "<group>"; };
320E52B9F80BCFE3E73D0205 = {isa = PBXBuildFile; fileRef = 0819D938F535BF05CCBFE5DF; };
6E9E73EF130C242C6A818BD9 = {isa = PBXGroup; children = (3E8D5DD49A82B7E6D3DD24DE,EF8D17733B5096192748028C,9AA9813C1BFCF1B7FD389C3B,E42FBCF9329B18CA92BBD4E1,9082AC1C8834AA5D329BBF7B,C816E6ACAB745CEF7B3E3D67,0819D938F535BF05CCBFE5DF); path = "Presentation"; sourceTree = "<group>"; };
99518CF3023E821E3C20EBCC = {isa = PBXGroup; children = (1046AEBC656E8B3E3B6A9A20,1F8DD75E2ECCFA5043578F0D,53E1D771C741C0C9EDF3D059,37240A256FD6DC5138C7699B,6E9E73EF130C242C6A818BD9); path = "Gear"; sourceTree = "<group>"; };
F61EB80FB7A1C8853F5C4A0F = {isa = PBXFileReference; lastKnownFileType = sourcecode.swift; path = "HistoryActions.swift"; sourceTree = "<group>"; };
B0A11E56DB06AAA32DC10037 = {isa = PBXBuildFile; fileRef = F61EB80FB7A1C8853F5C4A0F; };
C95FB5AEE5CAC916852AB441 = {isa = PBXGroup; children = (F61EB80FB7A1C8853F5C4A0F); path = "Application"; sourceTree = "<group>"; };
94A828312626A94E63B1275C = {isa = PBXFileReference; lastKnownFileType = sourcecode.swift; path = "HistoricalTrackImport.swift"; sourceTree = "<group>"; };
4A84D0A691AF83EA7EA736C2 = {isa = PBXBuildFile; fileRef = 94A828312626A94E63B1275C; };
12D9EEBE34E8CAB6776EDFDD = {isa = PBXFileReference; lastKnownFileType = sourcecode.swift; path = "HistoryEquipment.swift"; sourceTree = "<group>"; };
D89716755640A903E0E1DA48 = {isa = PBXBuildFile; fileRef = 12D9EEBE34E8CAB6776EDFDD; };
E1F0CCCA2517FAC05AD3F4F1 = {isa = PBXFileReference; lastKnownFileType = sourcecode.swift; path = "HistoryOperations.swift"; sourceTree = "<group>"; };
FEB05ABC2B1F6E5D572D3DA6 = {isa = PBXBuildFile; fileRef = E1F0CCCA2517FAC05AD3F4F1; };
64E8FF6776F3D3BA3441B8B6 = {isa = PBXGroup; children = (94A828312626A94E63B1275C,12D9EEBE34E8CAB6776EDFDD,E1F0CCCA2517FAC05AD3F4F1); path = "Business"; sourceTree = "<group>"; };
3795FCCAE0D17909C78C6FE7 = {isa = PBXFileReference; lastKnownFileType = sourcecode.swift; path = "HistoricalTrackDateReader.swift"; sourceTree = "<group>"; };
6780944144256F71880697C8 = {isa = PBXBuildFile; fileRef = 3795FCCAE0D17909C78C6FE7; };
4400FE73D1B3B5D5BFE3799D = {isa = PBXGroup; children = (3795FCCAE0D17909C78C6FE7); path = "Data"; sourceTree = "<group>"; };
EC4F0CE5DABC1EC8D38B9021 = {isa = PBXFileReference; lastKnownFileType = sourcecode.swift; path = "HikeGear.swift"; sourceTree = "<group>"; };
6E832B7EF744D85583B901CB = {isa = PBXBuildFile; fileRef = EC4F0CE5DABC1EC8D38B9021; };
DC69B2C8E869D0FBBAB823B7 = {isa = PBXFileReference; lastKnownFileType = sourcecode.swift; path = "HikeRecord.swift"; sourceTree = "<group>"; };
5EC9346BAEF3FB3A64EEA184 = {isa = PBXBuildFile; fileRef = DC69B2C8E869D0FBBAB823B7; };
7B795AEF0523A3B5F324580E = {isa = PBXGroup; children = (EC4F0CE5DABC1EC8D38B9021,DC69B2C8E869D0FBBAB823B7); path = "Domain"; sourceTree = "<group>"; };
506B17BEA1E524F9F5757AF6 = {isa = PBXFileReference; lastKnownFileType = sourcecode.swift; path = "HikeHistoryView.swift"; sourceTree = "<group>"; };
11BF8E82A3F333438D2DE363 = {isa = PBXBuildFile; fileRef = 506B17BEA1E524F9F5757AF6; };
9A7347988B9E1339B777C6A0 = {isa = PBXFileReference; lastKnownFileType = sourcecode.swift; path = "HikeRecordDetail.swift"; sourceTree = "<group>"; };
1E1431FD2B6F8200280F5A2B = {isa = PBXBuildFile; fileRef = 9A7347988B9E1339B777C6A0; };
DD0F85324A3BC567584DEB8B = {isa = PBXFileReference; lastKnownFileType = sourcecode.swift; path = "HikeRecordEditor.swift"; sourceTree = "<group>"; };
7CF7D159EB36FAB979150DE9 = {isa = PBXBuildFile; fileRef = DD0F85324A3BC567584DEB8B; };
5B098F4258DA118032D42DE4 = {isa = PBXFileReference; lastKnownFileType = sourcecode.swift; path = "HistoricalEquipmentEditor.swift"; sourceTree = "<group>"; };
9407604EB602811248C796F9 = {isa = PBXBuildFile; fileRef = 5B098F4258DA118032D42DE4; };
9AA26B53E51D98A5DBA222D0 = {isa = PBXFileReference; lastKnownFileType = sourcecode.swift; path = "HistoricalEquipmentSummary.swift"; sourceTree = "<group>"; };
103773B0D0BA3F5332827B9F = {isa = PBXBuildFile; fileRef = 9AA26B53E51D98A5DBA222D0; };
A487528ED70B66139D959338 = {isa = PBXFileReference; lastKnownFileType = sourcecode.swift; path = "HistoricalGearPicker.swift"; sourceTree = "<group>"; };
1EB76EF1B810A05865672327 = {isa = PBXBuildFile; fileRef = A487528ED70B66139D959338; };
A93A3A57FF7F9BF6D126B3B1 = {isa = PBXFileReference; lastKnownFileType = sourcecode.swift; path = "chooseHistoricalTrack.swift"; sourceTree = "<group>"; };
71D0D328C01CFE5606495AA4 = {isa = PBXBuildFile; fileRef = A93A3A57FF7F9BF6D126B3B1; };
54EF79A3D30A30C6248E3578 = {isa = PBXGroup; children = (506B17BEA1E524F9F5757AF6,9A7347988B9E1339B777C6A0,DD0F85324A3BC567584DEB8B,5B098F4258DA118032D42DE4,9AA26B53E51D98A5DBA222D0,A487528ED70B66139D959338,A93A3A57FF7F9BF6D126B3B1); path = "Presentation"; sourceTree = "<group>"; };
8A0EC07E6615E821C3E497F0 = {isa = PBXGroup; children = (C95FB5AEE5CAC916852AB441,64E8FF6776F3D3BA3441B8B6,4400FE73D1B3B5D5BFE3799D,7B795AEF0523A3B5F324580E,54EF79A3D30A30C6248E3578); path = "History"; sourceTree = "<group>"; };
9F1C6728AF45710FF632C252 = {isa = PBXFileReference; lastKnownFileType = sourcecode.swift; path = "ExcelActions.swift"; sourceTree = "<group>"; };
24C823EDCD1CAB024E4D3A6D = {isa = PBXBuildFile; fileRef = 9F1C6728AF45710FF632C252; };
394E5247007E60B20097870F = {isa = PBXGroup; children = (9F1C6728AF45710FF632C252); path = "Application"; sourceTree = "<group>"; };
82E2951A7174B4EE37A11DD1 = {isa = PBXFileReference; lastKnownFileType = sourcecode.swift; path = "CSVImportRow.swift"; sourceTree = "<group>"; };
C5CFFFC0874CB29B8B2813D4 = {isa = PBXBuildFile; fileRef = 82E2951A7174B4EE37A11DD1; };
F119D64D587AFA6088B624CE = {isa = PBXFileReference; lastKnownFileType = sourcecode.swift; path = "ExcelImport.swift"; sourceTree = "<group>"; };
501B555E70CFDD9556F7F229 = {isa = PBXBuildFile; fileRef = F119D64D587AFA6088B624CE; };
95F0982195B85D01596D74D5 = {isa = PBXFileReference; lastKnownFileType = sourcecode.swift; path = "ExcelImportProgress.swift"; sourceTree = "<group>"; };
B0D980D1B3426C4D520ED17E = {isa = PBXBuildFile; fileRef = 95F0982195B85D01596D74D5; };
8BC5C8ED8F8A0ED004AF8005 = {isa = PBXFileReference; lastKnownFileType = sourcecode.swift; path = "NativeCSV.swift"; sourceTree = "<group>"; };
EE5ECABBD814113EE96FDDEB = {isa = PBXBuildFile; fileRef = 8BC5C8ED8F8A0ED004AF8005; };
9C8B34FA121ACB05A97DF7D9 = {isa = PBXGroup; children = (82E2951A7174B4EE37A11DD1,F119D64D587AFA6088B624CE,95F0982195B85D01596D74D5,8BC5C8ED8F8A0ED004AF8005); path = "Business"; sourceTree = "<group>"; };
4E3DAE5E4D02EF40FED28CF2 = {isa = PBXFileReference; lastKnownFileType = sourcecode.swift; path = "CSV.swift"; sourceTree = "<group>"; };
E9939A687DC7984ED76A16B6 = {isa = PBXBuildFile; fileRef = 4E3DAE5E4D02EF40FED28CF2; };
D66DC03995077E5343A25F33 = {isa = PBXFileReference; lastKnownFileType = sourcecode.swift; path = "ExcelNode.swift"; sourceTree = "<group>"; };
FC3DCEB6CDFD75146ECC1847 = {isa = PBXBuildFile; fileRef = D66DC03995077E5343A25F33; };
B55937429B9E9251F7FDCB9F = {isa = PBXFileReference; lastKnownFileType = sourcecode.swift; path = "ExcelWorkbook.swift"; sourceTree = "<group>"; };
3ACE96677B10F7B024AD5FCA = {isa = PBXBuildFile; fileRef = B55937429B9E9251F7FDCB9F; };
ADD874C90AEF09F13A8F041A = {isa = PBXFileReference; lastKnownFileType = sourcecode.swift; path = "ExcelXML.swift"; sourceTree = "<group>"; };
D70F2DFC426B14BD6164944A = {isa = PBXBuildFile; fileRef = ADD874C90AEF09F13A8F041A; };
4D097F85F2851B9D4E92278A = {isa = PBXFileReference; lastKnownFileType = sourcecode.swift; path = "LibraryTransferFiles.swift"; sourceTree = "<group>"; };
7326515A42F01A882B4FAC33 = {isa = PBXBuildFile; fileRef = 4D097F85F2851B9D4E92278A; };
F4B3A389BDCE79E570AD4D6E = {isa = PBXGroup; children = (4E3DAE5E4D02EF40FED28CF2,D66DC03995077E5343A25F33,B55937429B9E9251F7FDCB9F,ADD874C90AEF09F13A8F041A,4D097F85F2851B9D4E92278A); path = "Data"; sourceTree = "<group>"; };
7DC06454534002F5CD95EDAF = {isa = PBXFileReference; lastKnownFileType = sourcecode.swift; path = "ExcelImportResult.swift"; sourceTree = "<group>"; };
0D55F79E4519767744941198 = {isa = PBXBuildFile; fileRef = 7DC06454534002F5CD95EDAF; };
96911D29D9B1C63CF11CAD9B = {isa = PBXFileReference; lastKnownFileType = sourcecode.swift; path = "ExcelSheet.swift"; sourceTree = "<group>"; };
FC157A536D5456C96ABAA470 = {isa = PBXBuildFile; fileRef = 96911D29D9B1C63CF11CAD9B; };
4F5E54164FB1112A13E763ED = {isa = PBXGroup; children = (7DC06454534002F5CD95EDAF,96911D29D9B1C63CF11CAD9B); path = "Domain"; sourceTree = "<group>"; };
64DCF9764D72FA1F4F6F8402 = {isa = PBXFileReference; lastKnownFileType = sourcecode.swift; path = "ExcelFileDialog.swift"; sourceTree = "<group>"; };
569A2A53905ADDA4C90FEB59 = {isa = PBXBuildFile; fileRef = 64DCF9764D72FA1F4F6F8402; };
9BC845069786921FE80B2D29 = {isa = PBXFileReference; lastKnownFileType = sourcecode.swift; path = "ExcelImportSource.swift"; sourceTree = "<group>"; };
B120E6F33036D4B1D36ADF88 = {isa = PBXBuildFile; fileRef = 9BC845069786921FE80B2D29; };
550048177872886687340B36 = {isa = PBXFileReference; lastKnownFileType = sourcecode.swift; path = "ExcelImportView.swift"; sourceTree = "<group>"; };
6479161445A17A7C14097A87 = {isa = PBXBuildFile; fileRef = 550048177872886687340B36; };
548E8B35582658C2CB1DA0A7 = {isa = PBXFileReference; lastKnownFileType = sourcecode.swift; path = "LibraryFileDialogs.swift"; sourceTree = "<group>"; };
43CD1AD9CF848D9754819FEE = {isa = PBXBuildFile; fileRef = 548E8B35582658C2CB1DA0A7; };
311698F1A29118E36162F033 = {isa = PBXGroup; children = (64DCF9764D72FA1F4F6F8402,9BC845069786921FE80B2D29,550048177872886687340B36,548E8B35582658C2CB1DA0A7); path = "Presentation"; sourceTree = "<group>"; };
CC1186A2E800252D022E1514 = {isa = PBXGroup; children = (394E5247007E60B20097870F,9C8B34FA121ACB05A97DF7D9,F4B3A389BDCE79E570AD4D6E,4F5E54164FB1112A13E763ED,311698F1A29118E36162F033); path = "ImportExport"; sourceTree = "<group>"; };
8D25846762F94C89411D5B58 = {isa = PBXFileReference; lastKnownFileType = sourcecode.swift; path = "MealActions.swift"; sourceTree = "<group>"; };
87E025DE5310C7C0E81AB39F = {isa = PBXBuildFile; fileRef = 8D25846762F94C89411D5B58; };
FDBBC789D8F5126170AD33D9 = {isa = PBXGroup; children = (8D25846762F94C89411D5B58); path = "Application"; sourceTree = "<group>"; };
EFCB30717ED14A303E6B2202 = {isa = PBXFileReference; lastKnownFileType = sourcecode.swift; path = "FoodLabelParsing.swift"; sourceTree = "<group>"; };
0A1C8BAAF4ADC89F6DCF998D = {isa = PBXBuildFile; fileRef = EFCB30717ED14A303E6B2202; };
37A0BD17133321F092C296FB = {isa = PBXFileReference; lastKnownFileType = sourcecode.swift; path = "MealOperations.swift"; sourceTree = "<group>"; };
6238FFA720AFCE0369D1F234 = {isa = PBXBuildFile; fileRef = 37A0BD17133321F092C296FB; };
2A1333C6B2EECC73F286E50E = {isa = PBXFileReference; lastKnownFileType = sourcecode.swift; path = "TrailMealRecommendationOptions.swift"; sourceTree = "<group>"; };
0F31850D2A3EA97AFFFB0084 = {isa = PBXBuildFile; fileRef = 2A1333C6B2EECC73F286E50E; };
AA10EEEA5F22FA724F1740AD = {isa = PBXGroup; children = (EFCB30717ED14A303E6B2202,37A0BD17133321F092C296FB,2A1333C6B2EECC73F286E50E); path = "Business"; sourceTree = "<group>"; };
0B8CAC33D54E3B105DA2C925 = {isa = PBXFileReference; lastKnownFileType = sourcecode.swift; path = "FoodCamera.swift"; sourceTree = "<group>"; };
214AED2D849195626C632197 = {isa = PBXBuildFile; fileRef = 0B8CAC33D54E3B105DA2C925; };
3CA4C83ACEAE85928209658F = {isa = PBXFileReference; lastKnownFileType = sourcecode.swift; path = "FoodTextRecognizer.swift"; sourceTree = "<group>"; };
EF42768A9E16BBDD028712DE = {isa = PBXBuildFile; fileRef = 3CA4C83ACEAE85928209658F; };
9E5A0C53F0AAA4508278DA33 = {isa = PBXGroup; children = (0B8CAC33D54E3B105DA2C925,3CA4C83ACEAE85928209658F); path = "Data"; sourceTree = "<group>"; };
E3F7504553C985F68F0B6E82 = {isa = PBXFileReference; lastKnownFileType = sourcecode.swift; path = "FoodLabelResult.swift"; sourceTree = "<group>"; };
51A613FD50C33050C05AB6A5 = {isa = PBXBuildFile; fileRef = E3F7504553C985F68F0B6E82; };
D81A1FBB9B0AA709407D1B8D = {isa = PBXFileReference; lastKnownFileType = sourcecode.swift; path = "TrailFood.swift"; sourceTree = "<group>"; };
A642A75A1A6CD4EE8370366A = {isa = PBXBuildFile; fileRef = D81A1FBB9B0AA709407D1B8D; };
A4C86262A2E613C6D60B052F = {isa = PBXFileReference; lastKnownFileType = sourcecode.swift; path = "TrailMealPlan.swift"; sourceTree = "<group>"; };
EBE16F89B8B1BBEDE14C128D = {isa = PBXBuildFile; fileRef = A4C86262A2E613C6D60B052F; };
80EFE75F6A4075AAA4B680CA = {isa = PBXGroup; children = (E3F7504553C985F68F0B6E82,D81A1FBB9B0AA709407D1B8D,A4C86262A2E613C6D60B052F); path = "Domain"; sourceTree = "<group>"; };
5520BD4EFE9BE3AC930F7C83 = {isa = PBXFileReference; lastKnownFileType = sourcecode.swift; path = "FoodCameraPreview.swift"; sourceTree = "<group>"; };
2E491540ADFE00367311B86A = {isa = PBXBuildFile; fileRef = 5520BD4EFE9BE3AC930F7C83; };
EF1E92B1E263FB14600D01E6 = {isa = PBXFileReference; lastKnownFileType = sourcecode.swift; path = "FoodCameraView.swift"; sourceTree = "<group>"; };
FE8E5135C6E12F448777D06F = {isa = PBXBuildFile; fileRef = EF1E92B1E263FB14600D01E6; };
312E335D12E04CC123C2CC47 = {isa = PBXFileReference; lastKnownFileType = sourcecode.swift; path = "FoodLabelScanner.swift"; sourceTree = "<group>"; };
C1F9BCF19A00DA0B7E0B4318 = {isa = PBXBuildFile; fileRef = 312E335D12E04CC123C2CC47; };
E6F8C8CC9F95DA455D838C49 = {isa = PBXFileReference; lastKnownFileType = sourcecode.swift; path = "TrailFoodEditor.swift"; sourceTree = "<group>"; };
A63DF2285A9F4BAF6F2B1746 = {isa = PBXBuildFile; fileRef = E6F8C8CC9F95DA455D838C49; };
1D6B07C869175AA702026CE2 = {isa = PBXFileReference; lastKnownFileType = sourcecode.swift; path = "TrailMealRecommendationView.swift"; sourceTree = "<group>"; };
7E5DF824F75667AE8C178F32 = {isa = PBXBuildFile; fileRef = 1D6B07C869175AA702026CE2; };
40DA7AA4F7C3A6C957D4B3B4 = {isa = PBXFileReference; lastKnownFileType = sourcecode.swift; path = "TrailMealSettings.swift"; sourceTree = "<group>"; };
ADB05AF63C701C8F04768381 = {isa = PBXBuildFile; fileRef = 40DA7AA4F7C3A6C957D4B3B4; };
0A33F8CC317B1086A5626C7F = {isa = PBXFileReference; lastKnownFileType = sourcecode.swift; path = "TrailMealsView.swift"; sourceTree = "<group>"; };
285ACDDDCBCE8FE9CB14583D = {isa = PBXBuildFile; fileRef = 0A33F8CC317B1086A5626C7F; };
6EA5638EF951E3810404AE63 = {isa = PBXGroup; children = (5520BD4EFE9BE3AC930F7C83,EF1E92B1E263FB14600D01E6,312E335D12E04CC123C2CC47,E6F8C8CC9F95DA455D838C49,1D6B07C869175AA702026CE2,40DA7AA4F7C3A6C957D4B3B4,0A33F8CC317B1086A5626C7F); path = "Presentation"; sourceTree = "<group>"; };
FA902987B39F92B78E9665C1 = {isa = PBXGroup; children = (FDBBC789D8F5126170AD33D9,AA10EEEA5F22FA724F1740AD,9E5A0C53F0AAA4508278DA33,80EFE75F6A4075AAA4B680CA,6EA5638EF951E3810404AE63); path = "Meals"; sourceTree = "<group>"; };
71BED5D514528B3F5F057464 = {isa = PBXFileReference; lastKnownFileType = sourcecode.swift; path = "BorrowingActions.swift"; sourceTree = "<group>"; };
27C61B022CE8913577ABE075 = {isa = PBXBuildFile; fileRef = 71BED5D514528B3F5F057464; };
10D79DE9770B4C7AECA4C971 = {isa = PBXFileReference; lastKnownFileType = sourcecode.swift; path = "BorrowingRefresh.swift"; sourceTree = "<group>"; };
7839F468E80CA101826CF7F4 = {isa = PBXBuildFile; fileRef = 10D79DE9770B4C7AECA4C971; };
2B24F37BC194192F21300045 = {isa = PBXFileReference; lastKnownFileType = sourcecode.swift; path = "PackingActions.swift"; sourceTree = "<group>"; };
17D060D74CE4F960BD661D97 = {isa = PBXBuildFile; fileRef = 2B24F37BC194192F21300045; };
5520FFBA08AEFBDBE7BE1A62 = {isa = PBXGroup; children = (71BED5D514528B3F5F057464,10D79DE9770B4C7AECA4C971,2B24F37BC194192F21300045); path = "Application"; sourceTree = "<group>"; };
46431A813D1D3DCAAD2634ED = {isa = PBXFileReference; lastKnownFileType = sourcecode.swift; path = "BorrowingOperations.swift"; sourceTree = "<group>"; };
3801C432986DC63689F66997 = {isa = PBXBuildFile; fileRef = 46431A813D1D3DCAAD2634ED; };
853F06124842024927D6B51B = {isa = PBXFileReference; lastKnownFileType = sourcecode.swift; path = "PackingOperations.swift"; sourceTree = "<group>"; };
860C3C2B11578E50C239A210 = {isa = PBXBuildFile; fileRef = 853F06124842024927D6B51B; };
AB7BEF127FB8CAA96CE42741 = {isa = PBXFileReference; lastKnownFileType = sourcecode.swift; path = "TripConditionsProviding.swift"; sourceTree = "<group>"; };
EFCC09FE51DD5F06CF13272B = {isa = PBXBuildFile; fileRef = AB7BEF127FB8CAA96CE42741; };
D359E75B27E8B64FA048835C = {isa = PBXGroup; children = (46431A813D1D3DCAAD2634ED,853F06124842024927D6B51B,AB7BEF127FB8CAA96CE42741); path = "Business"; sourceTree = "<group>"; };
A808B1C0813E90AC9E18C53E = {isa = PBXFileReference; lastKnownFileType = sourcecode.swift; path = "LiveTripConditions.swift"; sourceTree = "<group>"; };
DEA30544EBD05299064FA40E = {isa = PBXBuildFile; fileRef = A808B1C0813E90AC9E18C53E; };
D1C44EE9D87121462F10EE66 = {isa = PBXGroup; children = (A808B1C0813E90AC9E18C53E); path = "Data"; sourceTree = "<group>"; };
14AAECAB3CAEC2C2BCB1E843 = {isa = PBXFileReference; lastKnownFileType = sourcecode.swift; path = "BorrowedPackingItem.swift"; sourceTree = "<group>"; };
A9DCEA74F7A8C7F074FF2CAC = {isa = PBXBuildFile; fileRef = 14AAECAB3CAEC2C2BCB1E843; };
C252708ECA6EF0A8FDAE4B90 = {isa = PBXFileReference; lastKnownFileType = sourcecode.swift; path = "PackingItem.swift"; sourceTree = "<group>"; };
6EE7B394BDCC64BE6B3C1BC4 = {isa = PBXBuildFile; fileRef = C252708ECA6EF0A8FDAE4B90; };
4DA142424140EFEBCA1D0CF8 = {isa = PBXFileReference; lastKnownFileType = sourcecode.swift; path = "PackingRules.swift"; sourceTree = "<group>"; };
517183EEC23DEFF479B45213 = {isa = PBXBuildFile; fileRef = 4DA142424140EFEBCA1D0CF8; };
6BD935098A5B4B1EEB6BF1C7 = {isa = PBXGroup; children = (14AAECAB3CAEC2C2BCB1E843,C252708ECA6EF0A8FDAE4B90,4DA142424140EFEBCA1D0CF8); path = "Domain"; sourceTree = "<group>"; };
78DC3D8BFE5D886E215FAB39 = {isa = PBXFileReference; lastKnownFileType = sourcecode.swift; path = "BorrowedGearPicker.swift"; sourceTree = "<group>"; };
1E8E196DCC70386FA2E02782 = {isa = PBXBuildFile; fileRef = 78DC3D8BFE5D886E215FAB39; };
C2D2B0BE9BF6D5F29AB06B28 = {isa = PBXFileReference; lastKnownFileType = sourcecode.swift; path = "DepartureCalendar.swift"; sourceTree = "<group>"; };
9EA9316AFB4DE4EDE86C8CAC = {isa = PBXBuildFile; fileRef = C2D2B0BE9BF6D5F29AB06B28; };
200EDF70018D76B498B4D927 = {isa = PBXFileReference; lastKnownFileType = sourcecode.swift; path = "PackingListView.swift"; sourceTree = "<group>"; };
D62DBD3CA6230B68F88270A6 = {isa = PBXBuildFile; fileRef = 200EDF70018D76B498B4D927; };
3324703315B14D90A4B07762 = {isa = PBXFileReference; lastKnownFileType = sourcecode.swift; path = "PackingQuantityControl.swift"; sourceTree = "<group>"; };
799968BE2D9FAC7B01D420C4 = {isa = PBXBuildFile; fileRef = 3324703315B14D90A4B07762; };
1D5CC9D3D6C03C8ED75EF891 = {isa = PBXFileReference; lastKnownFileType = sourcecode.swift; path = "PackingTripHeader.swift"; sourceTree = "<group>"; };
EA925D61A1165B17EC145E87 = {isa = PBXBuildFile; fileRef = 1D5CC9D3D6C03C8ED75EF891; };
54B07DBABA799A839B56EC0C = {isa = PBXFileReference; lastKnownFileType = sourcecode.swift; path = "TripConditionsModel.swift"; sourceTree = "<group>"; };
43E196D9C764F2BC1A48169A = {isa = PBXBuildFile; fileRef = 54B07DBABA799A839B56EC0C; };
74A1575A9296AF78F2A538CB = {isa = PBXGroup; children = (78DC3D8BFE5D886E215FAB39,C2D2B0BE9BF6D5F29AB06B28,200EDF70018D76B498B4D927,3324703315B14D90A4B07762,1D5CC9D3D6C03C8ED75EF891,54B07DBABA799A839B56EC0C); path = "Presentation"; sourceTree = "<group>"; };
854DCEB651DEF1EFE9D9F630 = {isa = PBXGroup; children = (5520FFBA08AEFBDBE7BE1A62,D359E75B27E8B64FA048835C,D1C44EE9D87121462F10EE66,6BD935098A5B4B1EEB6BF1C7,74A1575A9296AF78F2A538CB); path = "Packing"; sourceTree = "<group>"; };
6C6FD1780E83180CF88E9DAC = {isa = PBXFileReference; lastKnownFileType = sourcecode.swift; path = "PhotoActions.swift"; sourceTree = "<group>"; };
8F94727C571CEE1F1086D26F = {isa = PBXBuildFile; fileRef = 6C6FD1780E83180CF88E9DAC; };
E15F5D846A8EF75633CED3A9 = {isa = PBXGroup; children = (6C6FD1780E83180CF88E9DAC); path = "Application"; sourceTree = "<group>"; };
1D60F6934E6B69BF0B2D8201 = {isa = PBXFileReference; lastKnownFileType = sourcecode.swift; path = "PhotoOriginalFiles.swift"; sourceTree = "<group>"; };
4C0D12AE1E4144CD789A8AAE = {isa = PBXBuildFile; fileRef = 1D60F6934E6B69BF0B2D8201; };
AC307E37BCAB0EA5370E28FD = {isa = PBXFileReference; lastKnownFileType = sourcecode.swift; path = "ProductPhotoProcessor.swift"; sourceTree = "<group>"; };
27EE6266B2DDA48B001308C3 = {isa = PBXBuildFile; fileRef = AC307E37BCAB0EA5370E28FD; };
7B305DD287ACBC7F2ACF976A = {isa = PBXGroup; children = (1D60F6934E6B69BF0B2D8201,AC307E37BCAB0EA5370E28FD); path = "Data"; sourceTree = "<group>"; };
8760724D4B85687709470D31 = {isa = PBXFileReference; lastKnownFileType = sourcecode.swift; path = "GearPhoto.swift"; sourceTree = "<group>"; };
C42C954A13382A276ECBE29F = {isa = PBXBuildFile; fileRef = 8760724D4B85687709470D31; };
50C3D6319CF7079176D8F564 = {isa = PBXFileReference; lastKnownFileType = sourcecode.swift; path = "PhotoRequest.swift"; sourceTree = "<group>"; };
F4F9718588ABA655B08908B1 = {isa = PBXBuildFile; fileRef = 50C3D6319CF7079176D8F564; };
1FA8C3EDD6CC8984C81A8DC8 = {isa = PBXFileReference; lastKnownFileType = sourcecode.swift; path = "ProductPhotoControls.swift"; sourceTree = "<group>"; };
AC4B910E5871B3DA6CB150E3 = {isa = PBXBuildFile; fileRef = 1FA8C3EDD6CC8984C81A8DC8; };
D23B22444DFA7CF0F06B9266 = {isa = PBXFileReference; lastKnownFileType = sourcecode.swift; path = "ProductPhotoEditor.swift"; sourceTree = "<group>"; };
ADC58661BBA052F63E138EAE = {isa = PBXBuildFile; fileRef = D23B22444DFA7CF0F06B9266; };
388A91778D18727A76AD3767 = {isa = PBXGroup; children = (8760724D4B85687709470D31,50C3D6319CF7079176D8F564,1FA8C3EDD6CC8984C81A8DC8,D23B22444DFA7CF0F06B9266); path = "Presentation"; sourceTree = "<group>"; };
B8D7A349C9FCC9E314D7F6F7 = {isa = PBXGroup; children = (E15F5D846A8EF75633CED3A9,7B305DD287ACBC7F2ACF976A,388A91778D18727A76AD3767); path = "Photos"; sourceTree = "<group>"; };
3A7B96FBBB8D5C266E1E11A6 = {isa = PBXFileReference; lastKnownFileType = sourcecode.swift; path = "GearTransfer.swift"; sourceTree = "<group>"; };
22040EFACA903D3D0C87D701 = {isa = PBXBuildFile; fileRef = 3A7B96FBBB8D5C266E1E11A6; };
C2FC4E34981F435FD6E12506 = {isa = PBXFileReference; lastKnownFileType = sourcecode.swift; path = "UserLibraries.swift"; sourceTree = "<group>"; };
29D199DC3065219C2B059664 = {isa = PBXBuildFile; fileRef = C2FC4E34981F435FD6E12506; };
AA3ED59FB74662896B95EA3A = {isa = PBXGroup; children = (3A7B96FBBB8D5C266E1E11A6,C2FC4E34981F435FD6E12506); path = "Application"; sourceTree = "<group>"; };
02D0A0E46D1BFBDA1ECD3A92 = {isa = PBXGroup; children = (); path = "Business"; sourceTree = "<group>"; };
B0AEB82780A1B7CEB752DAC8 = {isa = PBXFileReference; lastKnownFileType = sourcecode.swift; path = "GearAssetTransfer.swift"; sourceTree = "<group>"; };
55EB0C9316900531C3DCDB7E = {isa = PBXBuildFile; fileRef = B0AEB82780A1B7CEB752DAC8; };
1EB5B85BF603731BD701BA63 = {isa = PBXFileReference; lastKnownFileType = sourcecode.swift; path = "UserCatalogRepository.swift"; sourceTree = "<group>"; };
C54DE96851A52994915BDAF0 = {isa = PBXBuildFile; fileRef = 1EB5B85BF603731BD701BA63; };
C50A2C4821E105157026BB97 = {isa = PBXGroup; children = (B0AEB82780A1B7CEB752DAC8,1EB5B85BF603731BD701BA63); path = "Data"; sourceTree = "<group>"; };
80684AAC844D86578ACCE21E = {isa = PBXFileReference; lastKnownFileType = sourcecode.swift; path = "LibraryUser.swift"; sourceTree = "<group>"; };
DF0070DD7136DBD70D471924 = {isa = PBXBuildFile; fileRef = 80684AAC844D86578ACCE21E; };
61DC08B205C6BE72251EBCB1 = {isa = PBXFileReference; lastKnownFileType = sourcecode.swift; path = "UserCatalog.swift"; sourceTree = "<group>"; };
0B9804ED8E2757D431D45137 = {isa = PBXBuildFile; fileRef = 61DC08B205C6BE72251EBCB1; };
51456013EDBF31F0C2DD3F9D = {isa = PBXGroup; children = (80684AAC844D86578ACCE21E,61DC08B205C6BE72251EBCB1); path = "Domain"; sourceTree = "<group>"; };
26CA868A4B89E788DFA0EF35 = {isa = PBXFileReference; lastKnownFileType = sourcecode.swift; path = "AvatarCropEditor.swift"; sourceTree = "<group>"; };
E5D10DE52C17CCF7DB7986CF = {isa = PBXBuildFile; fileRef = 26CA868A4B89E788DFA0EF35; };
2E74EF678B8BC061682AA9BF = {isa = PBXFileReference; lastKnownFileType = sourcecode.swift; path = "AvatarCropRenderer.swift"; sourceTree = "<group>"; };
3A228EA8A82062968E312C7D = {isa = PBXBuildFile; fileRef = 2E74EF678B8BC061682AA9BF; };
B5056F2A72BE6D2B7402224B = {isa = PBXFileReference; lastKnownFileType = sourcecode.swift; path = "AvatarCropSource.swift"; sourceTree = "<group>"; };
19091BB3F6D186644D522241 = {isa = PBXBuildFile; fileRef = B5056F2A72BE6D2B7402224B; };
746658BD5CF8D133FBA74DE4 = {isa = PBXFileReference; lastKnownFileType = sourcecode.swift; path = "UserAvatar.swift"; sourceTree = "<group>"; };
E2EAEDA657EC72E2DC13EADC = {isa = PBXBuildFile; fileRef = 746658BD5CF8D133FBA74DE4; };
8CDFF9CC7F652B5B28062327 = {isa = PBXFileReference; lastKnownFileType = sourcecode.swift; path = "UserProfileEditor.swift"; sourceTree = "<group>"; };
4CD727B95A2E69D0037FE533 = {isa = PBXBuildFile; fileRef = 8CDFF9CC7F652B5B28062327; };
F4BE4A22A52967F276D69189 = {isa = PBXGroup; children = (26CA868A4B89E788DFA0EF35,2E74EF678B8BC061682AA9BF,B5056F2A72BE6D2B7402224B,746658BD5CF8D133FBA74DE4,8CDFF9CC7F652B5B28062327); path = "Presentation"; sourceTree = "<group>"; };
C668D6E1A2C12AFB2E1DB14F = {isa = PBXGroup; children = (AA3ED59FB74662896B95EA3A,02D0A0E46D1BFBDA1ECD3A92,C50A2C4821E105157026BB97,51456013EDBF31F0C2DD3F9D,F4BE4A22A52967F276D69189); path = "Profiles"; sourceTree = "<group>"; };
7425B751229DF51B35FF9FB6 = {isa = PBXFileReference; lastKnownFileType = sourcecode.swift; path = "RouteSelection.swift"; sourceTree = "<group>"; };
2A50EA01398429CE7604CFB3 = {isa = PBXBuildFile; fileRef = 7425B751229DF51B35FF9FB6; };
879580FC0B2272CD6BD89DA7 = {isa = PBXGroup; children = (7425B751229DF51B35FF9FB6); path = "Application"; sourceTree = "<group>"; };
71DC7C150259A3F1A70363BA = {isa = PBXFileReference; lastKnownFileType = sourcecode.swift; path = "RouteOperations.swift"; sourceTree = "<group>"; };
E5432A48E12458253FC9EAF3 = {isa = PBXBuildFile; fileRef = 71DC7C150259A3F1A70363BA; };
B56316C741E72F4874850BD2 = {isa = PBXFileReference; lastKnownFileType = sourcecode.swift; path = "RouteSearching.swift"; sourceTree = "<group>"; };
B12402C452924F728F08E726 = {isa = PBXBuildFile; fileRef = B56316C741E72F4874850BD2; };
D53CC3EB4A535CE65A449AB6 = {isa = PBXGroup; children = (71DC7C150259A3F1A70363BA,B56316C741E72F4874850BD2); path = "Business"; sourceTree = "<group>"; };
8C84DB3381345266E6ABD7F1 = {isa = PBXFileReference; lastKnownFileType = sourcecode.swift; path = "DomesticRouteCatalog.swift"; sourceTree = "<group>"; };
C06A6C4838348136A86A6AA5 = {isa = PBXBuildFile; fileRef = 8C84DB3381345266E6ABD7F1; };
689278945852883B5D1DA1ED = {isa = PBXFileReference; lastKnownFileType = sourcecode.swift; path = "LiveRouteSearch.swift"; sourceTree = "<group>"; };
D560B0E69C6B07D3B0E11665 = {isa = PBXBuildFile; fileRef = 689278945852883B5D1DA1ED; };
EC95019BB44E2B59C9EF2726 = {isa = PBXFileReference; lastKnownFileType = sourcecode.swift; path = "TrailFileReader.swift"; sourceTree = "<group>"; };
8092284CE06E5C14E9282A08 = {isa = PBXBuildFile; fileRef = EC95019BB44E2B59C9EF2726; };
BEFA82602020477D34595A80 = {isa = PBXFileReference; lastKnownFileType = sourcecode.swift; path = "TripService.swift"; sourceTree = "<group>"; };
6985533D0CDADFBB0B3485BF = {isa = PBXBuildFile; fileRef = BEFA82602020477D34595A80; };
69BDCD0C544B20E0EC7C8BE0 = {isa = PBXGroup; children = (8C84DB3381345266E6ABD7F1,689278945852883B5D1DA1ED,EC95019BB44E2B59C9EF2726,BEFA82602020477D34595A80); path = "Data"; sourceTree = "<group>"; };
1608591C1C0C98E61B26E91F = {isa = PBXFileReference; lastKnownFileType = sourcecode.swift; path = "HikingRoute.swift"; sourceTree = "<group>"; };
FA0F4D17BC722C74B3353C3C = {isa = PBXBuildFile; fileRef = 1608591C1C0C98E61B26E91F; };
14AAFB8B7D123FCACF852DED = {isa = PBXFileReference; lastKnownFileType = sourcecode.swift; path = "RouteElevationSample.swift"; sourceTree = "<group>"; };
C09E326856F749CFA70C2D55 = {isa = PBXBuildFile; fileRef = 14AAFB8B7D123FCACF852DED; };
10C0305F9B824B3C09CEDA85 = {isa = PBXFileReference; lastKnownFileType = sourcecode.swift; path = "RouteElevationStats.swift"; sourceTree = "<group>"; };
04C1DB3A4434B9974CC24425 = {isa = PBXBuildFile; fileRef = 10C0305F9B824B3C09CEDA85; };
885D36FE9651FD1414330AE8 = {isa = PBXFileReference; lastKnownFileType = sourcecode.swift; path = "RouteTerrain.swift"; sourceTree = "<group>"; };
8AAA3C83740B5F00488E184D = {isa = PBXBuildFile; fileRef = 885D36FE9651FD1414330AE8; };
75F36F580C19AD4FFA74B5F6 = {isa = PBXFileReference; lastKnownFileType = sourcecode.swift; path = "TrailPlace.swift"; sourceTree = "<group>"; };
C2158AFD70D8C09617D7C1C2 = {isa = PBXBuildFile; fileRef = 75F36F580C19AD4FFA74B5F6; };
4A17B351EF315738EF4DC50B = {isa = PBXFileReference; lastKnownFileType = sourcecode.swift; path = "TrailPoint.swift"; sourceTree = "<group>"; };
8DEE24201B177FAAD24BC184 = {isa = PBXBuildFile; fileRef = 4A17B351EF315738EF4DC50B; };
B3AC611BDD6B0F2FD447B0FE = {isa = PBXGroup; children = (1608591C1C0C98E61B26E91F,14AAFB8B7D123FCACF852DED,10C0305F9B824B3C09CEDA85,885D36FE9651FD1414330AE8,75F36F580C19AD4FFA74B5F6,4A17B351EF315738EF4DC50B); path = "Domain"; sourceTree = "<group>"; };
60A6BEF11D3498EEE242A17A = {isa = PBXFileReference; lastKnownFileType = sourcecode.swift; path = "ExpandedRouteMap.swift"; sourceTree = "<group>"; };
225BF9101D667B1850C1F9B2 = {isa = PBXBuildFile; fileRef = 60A6BEF11D3498EEE242A17A; };
450E94EF39A11565298F4B77 = {isa = PBXFileReference; lastKnownFileType = sourcecode.swift; path = "FittedRouteMap.swift"; sourceTree = "<group>"; };
DF23AB1D215D95D769F5B640 = {isa = PBXBuildFile; fileRef = 450E94EF39A11565298F4B77; };
80768A6753324F2AE527CE61 = {isa = PBXFileReference; lastKnownFileType = sourcecode.swift; path = "NativeRouteMap.swift"; sourceTree = "<group>"; };
94BAD36119948F8825672E72 = {isa = PBXBuildFile; fileRef = 80768A6753324F2AE527CE61; };
2440B4EDEF6D0DE6B407F310 = {isa = PBXFileReference; lastKnownFileType = sourcecode.swift; path = "RouteMap.swift"; sourceTree = "<group>"; };
73C5624F615AF1783F13069C = {isa = PBXBuildFile; fileRef = 2440B4EDEF6D0DE6B407F310; };
B060E864B863DDF05E3F65E8 = {isa = PBXFileReference; lastKnownFileType = sourcecode.swift; path = "RouteMetricSummary.swift"; sourceTree = "<group>"; };
98D9AC96D1DCD61B50F76378 = {isa = PBXBuildFile; fileRef = B060E864B863DDF05E3F65E8; };
09D929EDBF8FB8A2F5558CD6 = {isa = PBXFileReference; lastKnownFileType = sourcecode.swift; path = "RouteSearchModel.swift"; sourceTree = "<group>"; };
64D93584D567E24F5715D404 = {isa = PBXBuildFile; fileRef = 09D929EDBF8FB8A2F5558CD6; };
C963B67FB2B483045C54819B = {isa = PBXFileReference; lastKnownFileType = sourcecode.swift; path = "RouteSearchView.swift"; sourceTree = "<group>"; };
073D15DFB17D43956886A6A3 = {isa = PBXBuildFile; fileRef = C963B67FB2B483045C54819B; };
798F1EC910255B76EAFF96FD = {isa = PBXGroup; children = (60A6BEF11D3498EEE242A17A,450E94EF39A11565298F4B77,80768A6753324F2AE527CE61,2440B4EDEF6D0DE6B407F310,B060E864B863DDF05E3F65E8,09D929EDBF8FB8A2F5558CD6,C963B67FB2B483045C54819B); path = "Presentation"; sourceTree = "<group>"; };
CFD43829E0AF5A05D5625BB0 = {isa = PBXGroup; children = (879580FC0B2272CD6BD89DA7,D53CC3EB4A535CE65A449AB6,69BDCD0C544B20E0EC7C8BE0,B3AC611BDD6B0F2FD447B0FE,798F1EC910255B76EAFF96FD); path = "Routes"; sourceTree = "<group>"; };
178EB00D25F252DFA07ACE6A = {isa = PBXFileReference; lastKnownFileType = sourcecode.swift; path = "CurrencyActions.swift"; sourceTree = "<group>"; };
08E8D85D7A375C1B93ACE36A = {isa = PBXBuildFile; fileRef = 178EB00D25F252DFA07ACE6A; };
3CE4FFE41ECF105788AB3EA9 = {isa = PBXGroup; children = (178EB00D25F252DFA07ACE6A); path = "Application"; sourceTree = "<group>"; };
D8862CC281F318A277BE8502 = {isa = PBXFileReference; lastKnownFileType = sourcecode.swift; path = "ExchangeRateRepository.swift"; sourceTree = "<group>"; };
D950FE2B088BE5CB07C9FA45 = {isa = PBXBuildFile; fileRef = D8862CC281F318A277BE8502; };
CB09D44A2D035FEF9F124F2C = {isa = PBXGroup; children = (D8862CC281F318A277BE8502); path = "Data"; sourceTree = "<group>"; };
BD7EA4EA6D818E5822037CB7 = {isa = PBXFileReference; lastKnownFileType = sourcecode.swift; path = "ExchangeRate.swift"; sourceTree = "<group>"; };
24CF2DFC1028331812B644B2 = {isa = PBXBuildFile; fileRef = BD7EA4EA6D818E5822037CB7; };
7379E1C3CE31820102E767D0 = {isa = PBXFileReference; lastKnownFileType = sourcecode.swift; path = "LibrarySettings.swift"; sourceTree = "<group>"; };
7FE86AAEE375F6AC75A63001 = {isa = PBXBuildFile; fileRef = 7379E1C3CE31820102E767D0; };
C003E0FE027650D6AF6A5A20 = {isa = PBXGroup; children = (BD7EA4EA6D818E5822037CB7,7379E1C3CE31820102E767D0); path = "Domain"; sourceTree = "<group>"; };
1B92899428B5606E8289C4C7 = {isa = PBXFileReference; lastKnownFileType = sourcecode.swift; path = "LibraryPreferences.swift"; sourceTree = "<group>"; };
C855ACD07BB3D7F330C34BE2 = {isa = PBXBuildFile; fileRef = 1B92899428B5606E8289C4C7; };
CFC638796C39923140447D10 = {isa = PBXGroup; children = (1B92899428B5606E8289C4C7); path = "Presentation"; sourceTree = "<group>"; };
D056A9199D9131868EE779B7 = {isa = PBXGroup; children = (3CE4FFE41ECF105788AB3EA9,CB09D44A2D035FEF9F124F2C,C003E0FE027650D6AF6A5A20,CFC638796C39923140447D10); path = "Settings"; sourceTree = "<group>"; };
7128A23B46D024404A7CCEC7 = {isa = PBXFileReference; lastKnownFileType = sourcecode.swift; path = "WeatherService.swift"; sourceTree = "<group>"; };
120169CCE4A733E43BF4F7A5 = {isa = PBXBuildFile; fileRef = 7128A23B46D024404A7CCEC7; };
DF9792F388507889299FF67F = {isa = PBXGroup; children = (7128A23B46D024404A7CCEC7); path = "Data"; sourceTree = "<group>"; };
C5E0A9829873F8EF483F9FDB = {isa = PBXFileReference; lastKnownFileType = sourcecode.swift; path = "SeasonalOutlook.swift"; sourceTree = "<group>"; };
3529C1E6B6AD3D00838B0279 = {isa = PBXBuildFile; fileRef = C5E0A9829873F8EF483F9FDB; };
5DC0D9F4E7A7027995DE7D6D = {isa = PBXFileReference; lastKnownFileType = sourcecode.swift; path = "WeatherDay.swift"; sourceTree = "<group>"; };
8A97C1B5EE5E9061C954FA93 = {isa = PBXBuildFile; fileRef = 5DC0D9F4E7A7027995DE7D6D; };
8986E24DBEC69841B8B10DD8 = {isa = PBXFileReference; lastKnownFileType = sourcecode.swift; path = "WeatherForecast.swift"; sourceTree = "<group>"; };
EEC46C59729E11C0989B8D65 = {isa = PBXBuildFile; fileRef = 8986E24DBEC69841B8B10DD8; };
9B12AC70EDBD40D54A25FFD0 = {isa = PBXFileReference; lastKnownFileType = sourcecode.swift; path = "WeatherNow.swift"; sourceTree = "<group>"; };
12DC5E673367D3FCC65D5D3E = {isa = PBXBuildFile; fileRef = 9B12AC70EDBD40D54A25FFD0; };
57A6629A1CCA3D1EFE6388C4 = {isa = PBXFileReference; lastKnownFileType = sourcecode.swift; path = "WeatherTrend.swift"; sourceTree = "<group>"; };
B486B049F9EC6AFBF2097855 = {isa = PBXBuildFile; fileRef = 57A6629A1CCA3D1EFE6388C4; };
9BF56B0F1F505AACA0E4529A = {isa = PBXFileReference; lastKnownFileType = sourcecode.swift; path = "weatherConditions.swift"; sourceTree = "<group>"; };
552D1209D537CFC10CB9DFB9 = {isa = PBXBuildFile; fileRef = 9BF56B0F1F505AACA0E4529A; };
AEF0A622AF5C39420ED3A023 = {isa = PBXGroup; children = (C5E0A9829873F8EF483F9FDB,5DC0D9F4E7A7027995DE7D6D,8986E24DBEC69841B8B10DD8,9B12AC70EDBD40D54A25FFD0,57A6629A1CCA3D1EFE6388C4,9BF56B0F1F505AACA0E4529A); path = "Domain"; sourceTree = "<group>"; };
614B1AB0727A6C5B6FD130B0 = {isa = PBXFileReference; lastKnownFileType = sourcecode.swift; path = "ForecastSummaryView.swift"; sourceTree = "<group>"; };
7556D0C914CB3314D7550BB2 = {isa = PBXBuildFile; fileRef = 614B1AB0727A6C5B6FD130B0; };
68F83764638EEB9D776C81FE = {isa = PBXFileReference; lastKnownFileType = sourcecode.swift; path = "SeasonalCurveChart.swift"; sourceTree = "<group>"; };
A0B581638FCAC4398239709A = {isa = PBXBuildFile; fileRef = 68F83764638EEB9D776C81FE; };
E2BA877501FEE2BE953C30DC = {isa = PBXFileReference; lastKnownFileType = sourcecode.swift; path = "SeasonalWeatherView.swift"; sourceTree = "<group>"; };
9B6F8D3F6A36CD45432C31E0 = {isa = PBXBuildFile; fileRef = E2BA877501FEE2BE953C30DC; };
E7FE1B57433687F32D174E6F = {isa = PBXFileReference; lastKnownFileType = sourcecode.swift; path = "WeatherCurve.swift"; sourceTree = "<group>"; };
7CECF4FE775C0F164B14B454 = {isa = PBXBuildFile; fileRef = E7FE1B57433687F32D174E6F; };
FD3C00110A1BD945AC57C5DA = {isa = PBXFileReference; lastKnownFileType = sourcecode.swift; path = "WeatherTrendCard.swift"; sourceTree = "<group>"; };
9FC4BB6882751772BF2D0111 = {isa = PBXBuildFile; fileRef = FD3C00110A1BD945AC57C5DA; };
ABFC7A1DAE9527383107A945 = {isa = PBXGroup; children = (614B1AB0727A6C5B6FD130B0,68F83764638EEB9D776C81FE,E2BA877501FEE2BE953C30DC,E7FE1B57433687F32D174E6F,FD3C00110A1BD945AC57C5DA); path = "Presentation"; sourceTree = "<group>"; };
0504D97EF09BF8CCE001D2BB = {isa = PBXGroup; children = (DF9792F388507889299FF67F,AEF0A622AF5C39420ED3A023,ABFC7A1DAE9527383107A945); path = "Weather"; sourceTree = "<group>"; };
9D756A79786A998CCABA280E = {isa = PBXGroup; children = (52B0C5F862EAD286F616A0F0,99518CF3023E821E3C20EBCC,8A0EC07E6615E821C3E497F0,CC1186A2E800252D022E1514,FA902987B39F92B78E9665C1,854DCEB651DEF1EFE9D9F630,B8D7A349C9FCC9E314D7F6F7,C668D6E1A2C12AFB2E1DB14F,CFD43829E0AF5A05D5625BB0,D056A9199D9131868EE779B7,0504D97EF09BF8CCE001D2BB); path = "Features"; sourceTree = "<group>"; };
BEF888AE3F15B1E7BCEB2CBD = {isa = PBXFileReference; lastKnownFileType = sourcecode.swift; path = "LocalAssetFiles.swift"; sourceTree = "<group>"; };
8B359D853F349BDA91B87706 = {isa = PBXBuildFile; fileRef = BEF888AE3F15B1E7BCEB2CBD; };
CD0475C7954C5B2FA6867B7A = {isa = PBXFileReference; lastKnownFileType = sourcecode.swift; path = "TripHTTPClient.swift"; sourceTree = "<group>"; };
A9A20D9A6A5FEF29608FADB7 = {isa = PBXBuildFile; fileRef = CD0475C7954C5B2FA6867B7A; };
517C306FD2B834995094FA0C = {isa = PBXGroup; children = (BEF888AE3F15B1E7BCEB2CBD,CD0475C7954C5B2FA6867B7A); path = "Data"; sourceTree = "<group>"; };
F5CB1C13362096F12762C087 = {isa = PBXFileReference; lastKnownFileType = sourcecode.swift; path = "GearAppearance.swift"; sourceTree = "<group>"; };
4FD1555D8803580BCC2CBF69 = {isa = PBXBuildFile; fileRef = F5CB1C13362096F12762C087; };
4F85726E71BAF0D74C21B931 = {isa = PBXFileReference; lastKnownFileType = sourcecode.swift; path = "GearCategoryIcon.swift"; sourceTree = "<group>"; };
D47D6D6D15C40C63466951C1 = {isa = PBXBuildFile; fileRef = 4F85726E71BAF0D74C21B931; };
2DB830CEABF0529EBDC000FA = {isa = PBXFileReference; lastKnownFileType = sourcecode.swift; path = "GearDesign.swift"; sourceTree = "<group>"; };
97C4174894D64517CD1269A5 = {isa = PBXBuildFile; fileRef = 2DB830CEABF0529EBDC000FA; };
6BB66DB51A45C9D70D88F805 = {isa = PBXFileReference; lastKnownFileType = sourcecode.swift; path = "GearPanel.swift"; sourceTree = "<group>"; };
1C8BF6DC68B57C695DB1B769 = {isa = PBXBuildFile; fileRef = 6BB66DB51A45C9D70D88F805; };
E9877712D6FA2A26D526167F = {isa = PBXFileReference; lastKnownFileType = sourcecode.swift; path = "SockSymbol.swift"; sourceTree = "<group>"; };
57B22D97D211C976B0267AE8 = {isa = PBXBuildFile; fileRef = E9877712D6FA2A26D526167F; };
D95377C480D3FDB28C5885DF = {isa = PBXFileReference; lastKnownFileType = sourcecode.swift; path = "SystemConfirmation.swift"; sourceTree = "<group>"; };
145758D66D04821DB4DA2E8F = {isa = PBXBuildFile; fileRef = D95377C480D3FDB28C5885DF; };
42A1BA6CB2FE42979ED4FC35 = {isa = PBXGroup; children = (F5CB1C13362096F12762C087,4F85726E71BAF0D74C21B931,2DB830CEABF0529EBDC000FA,6BB66DB51A45C9D70D88F805,E9877712D6FA2A26D526167F,D95377C480D3FDB28C5885DF); path = "Presentation"; sourceTree = "<group>"; };
F8C4BA72139089CEC18AAC02 = {isa = PBXGroup; children = (517C306FD2B834995094FA0C,42A1BA6CB2FE42979ED4FC35); path = "Shared"; sourceTree = "<group>"; };
A9012353AFD6A66EB75D4BE2 = {isa = PBXGroup; children = (91468586F9881985D065A03B,7898CF8087F127C2DF6744B8,9D756A79786A998CCABA280E,F8C4BA72139089CEC18AAC02); path = "Sources"; sourceTree = "<group>"; };
978E44CB0251A3C3B974C44F = {isa = PBXFileReference; lastKnownFileType = sourcecode.swift; path = "AsyncWorkflowTests.swift"; sourceTree = "<group>"; };
735562441F3A67379EB23671 = {isa = PBXFileReference; lastKnownFileType = sourcecode.swift; path = "BorrowingLifecycleTests.swift"; sourceTree = "<group>"; };
8DD7276C5052158AD9B3ECE7 = {isa = PBXFileReference; lastKnownFileType = sourcecode.swift; path = "ExcelTests.swift"; sourceTree = "<group>"; };
A158F7BA74C8B683DA3DFBC3 = {isa = PBXFileReference; lastKnownFileType = sourcecode.swift; path = "HistoryEquipmentTests.swift"; sourceTree = "<group>"; };
7760A5A4F3C23C8DA77EE8C8 = {isa = PBXFileReference; lastKnownFileType = sourcecode.swift; path = "PhotoPipelineTests.swift"; sourceTree = "<group>"; };
A2703C76371EDA95F3EAD903 = {isa = PBXFileReference; lastKnownFileType = sourcecode.swift; path = "RefactorRegressionTests.swift"; sourceTree = "<group>"; };
6BB01AB6219A5C5D84C94536 = {isa = PBXFileReference; lastKnownFileType = sourcecode.swift; path = "Tests.swift"; sourceTree = "<group>"; };
C5D72FC1D12BD1C42716B6CB = {isa = PBXFileReference; lastKnownFileType = sourcecode.swift; path = "ThemeTests.swift"; sourceTree = "<group>"; };
D6ACAA179216EA1BE0646520 = {isa = PBXFileReference; lastKnownFileType = sourcecode.swift; path = "WeatherRegressionTests.swift"; sourceTree = "<group>"; };
156052F04525D0F710673CF0 = {isa = PBXGroup; children = (978E44CB0251A3C3B974C44F,735562441F3A67379EB23671,8DD7276C5052158AD9B3ECE7,A158F7BA74C8B683DA3DFBC3,7760A5A4F3C23C8DA77EE8C8,A2703C76371EDA95F3EAD903,6BB01AB6219A5C5D84C94536,C5D72FC1D12BD1C42716B6CB,D6ACAA179216EA1BE0646520); path = "Tests"; sourceTree = "<group>"; };
A024F06580C79B7582C3806A = {isa = PBXGroup; children = (000000000000000000000338,000000000000000000000332,000000000000000000000067,000000000000000000000068,000000000000000000000069); path = "Resources"; sourceTree = "<group>"; };
000000000000000000000339 = {isa = PBXBuildFile; fileRef = 000000000000000000000338; };
000000000000000000000338 = {isa = PBXFileReference; lastKnownFileType = text.json; path = "DomesticRoutes.json"; sourceTree = "<group>"; };
000000000000000000000332 = {isa = PBXFileReference; lastKnownFileType = text; path = "product_photo.py"; sourceTree = "<group>"; };
000000000000000000000333 = {isa = PBXBuildFile; fileRef = 000000000000000000000332; };
000000000000000000000067 = {isa = PBXFileReference; lastKnownFileType = text.json; path = "InitialInventory.json"; sourceTree = "<group>"; };
0000000000000000000000CB = {isa = PBXBuildFile; fileRef = 000000000000000000000067; };
000000000000000000000068 = {isa = PBXFileReference; lastKnownFileType = text; path = "HomeBox-LICENSE.txt"; sourceTree = "<group>"; };
0000000000000000000000CC = {isa = PBXBuildFile; fileRef = 000000000000000000000068; };
000000000000000000000069 = {isa = PBXFileReference; lastKnownFileType = image.icns; path = "AppIcon.icns"; sourceTree = "<group>"; };
0000000000000000000000CD = {isa = PBXBuildFile; fileRef = 000000000000000000000069; };
000000000000000000000001 = {isa = PBXProject; buildConfigurationList = 00000000000000000000000A; compatibilityVersion = "Xcode 14.0"; developmentRegion = zh_CN; knownRegions = (zh_CN,en,Base); mainGroup = 000000000000000000000002; productRefGroup = 000000000000000000000003; projectDirPath = ""; targets = (000000000000000000000004); };
000000000000000000000002 = {isa = PBXGroup; children = (A9012353AFD6A66EB75D4BE2,A024F06580C79B7582C3806A,156052F04525D0F710673CF0,000000000000000000000003); sourceTree = "<group>"; };
000000000000000000000003 = {isa = PBXGroup; children = (000000000000000000000005); name = Products; sourceTree = "<group>"; };
000000000000000000000005 = {isa = PBXFileReference; explicitFileType = wrapper.application; path = "户外装备库.app"; sourceTree = BUILT_PRODUCTS_DIR; };
000000000000000000000004 = {isa = PBXNativeTarget; buildConfigurationList = 00000000000000000000000B; buildPhases = (000000000000000000000006,000000000000000000000007,000000000000000000000008); buildRules = (); dependencies = (); name = OutdoorGear; productName = OutdoorGear; productReference = 000000000000000000000005; productType = "com.apple.product-type.application"; };
000000000000000000000006 = {isa = PBXSourcesBuildPhase; buildActionMask = 2147483647; files = (8DE44B3DA34C934AF483D5D6,1FD84382D7214937F1AA5B8D,0EA29F9A67B781F6C1D6E8C4,2DA5AC263415BE196A45A7A6,9DB6EE10B66FCB261E13B57C,80F8C118C740C59023D6FAF7,B42603F51793079B5E8F49E0,9675157C0EB989AE8D19F13D,AFDD80A60C8435461754C0AD,9E86758D474C239127FEEB82,DDB35B26A3FAD9AC61144075,67E6FF33B1D832DBAB7490D3,320ABEADA06F21795C3CFC9F,BD02DD0DEBEC087334CF2F98,494D175DF33F9D023B274B7A,D943E9A32E1F14A6443E4312,15EDCB57F02116581FB2EC37,1C8021CDB8573CA5F82C291C,0DB986B943CBE152E3417FE0,CB84DCDF205C7DECDEB70C2A,5BD0051C60D315CCD57E3117,6C382492D84D377B67969173,B5A02E3C76B409426FFFB36E,787CB3103CEEDE1F6A523DC4,1F53AFBA9E9A9469AB103BE5,75EEA992004E2506A2B9761B,74A0D983FED5699AAE64BB51,14CEFC8400A9900E96BE6063,4C416564DE745A441769BD02,DBD1B17F36DD2C3F2E0D2465,46CCF4D5F81ABED259F271CB,590A608DDD8DFB34B26C3212,62FC6B9D15EEA5A67F8D2FEC,320E52B9F80BCFE3E73D0205,B0A11E56DB06AAA32DC10037,4A84D0A691AF83EA7EA736C2,D89716755640A903E0E1DA48,FEB05ABC2B1F6E5D572D3DA6,6780944144256F71880697C8,6E832B7EF744D85583B901CB,5EC9346BAEF3FB3A64EEA184,11BF8E82A3F333438D2DE363,1E1431FD2B6F8200280F5A2B,7CF7D159EB36FAB979150DE9,9407604EB602811248C796F9,103773B0D0BA3F5332827B9F,1EB76EF1B810A05865672327,71D0D328C01CFE5606495AA4,24C823EDCD1CAB024E4D3A6D,C5CFFFC0874CB29B8B2813D4,501B555E70CFDD9556F7F229,B0D980D1B3426C4D520ED17E,EE5ECABBD814113EE96FDDEB,E9939A687DC7984ED76A16B6,FC3DCEB6CDFD75146ECC1847,3ACE96677B10F7B024AD5FCA,D70F2DFC426B14BD6164944A,7326515A42F01A882B4FAC33,0D55F79E4519767744941198,FC157A536D5456C96ABAA470,569A2A53905ADDA4C90FEB59,B120E6F33036D4B1D36ADF88,6479161445A17A7C14097A87,43CD1AD9CF848D9754819FEE,87E025DE5310C7C0E81AB39F,0A1C8BAAF4ADC89F6DCF998D,6238FFA720AFCE0369D1F234,0F31850D2A3EA97AFFFB0084,214AED2D849195626C632197,EF42768A9E16BBDD028712DE,51A613FD50C33050C05AB6A5,A642A75A1A6CD4EE8370366A,EBE16F89B8B1BBEDE14C128D,2E491540ADFE00367311B86A,FE8E5135C6E12F448777D06F,C1F9BCF19A00DA0B7E0B4318,A63DF2285A9F4BAF6F2B1746,7E5DF824F75667AE8C178F32,ADB05AF63C701C8F04768381,285ACDDDCBCE8FE9CB14583D,27C61B022CE8913577ABE075,7839F468E80CA101826CF7F4,17D060D74CE4F960BD661D97,3801C432986DC63689F66997,860C3C2B11578E50C239A210,EFCC09FE51DD5F06CF13272B,DEA30544EBD05299064FA40E,A9DCEA74F7A8C7F074FF2CAC,6EE7B394BDCC64BE6B3C1BC4,517183EEC23DEFF479B45213,1E8E196DCC70386FA2E02782,9EA9316AFB4DE4EDE86C8CAC,D62DBD3CA6230B68F88270A6,799968BE2D9FAC7B01D420C4,EA925D61A1165B17EC145E87,43E196D9C764F2BC1A48169A,8F94727C571CEE1F1086D26F,4C0D12AE1E4144CD789A8AAE,27EE6266B2DDA48B001308C3,C42C954A13382A276ECBE29F,F4F9718588ABA655B08908B1,AC4B910E5871B3DA6CB150E3,ADC58661BBA052F63E138EAE,22040EFACA903D3D0C87D701,29D199DC3065219C2B059664,55EB0C9316900531C3DCDB7E,C54DE96851A52994915BDAF0,DF0070DD7136DBD70D471924,0B9804ED8E2757D431D45137,E5D10DE52C17CCF7DB7986CF,3A228EA8A82062968E312C7D,19091BB3F6D186644D522241,E2EAEDA657EC72E2DC13EADC,4CD727B95A2E69D0037FE533,2A50EA01398429CE7604CFB3,E5432A48E12458253FC9EAF3,B12402C452924F728F08E726,C06A6C4838348136A86A6AA5,D560B0E69C6B07D3B0E11665,8092284CE06E5C14E9282A08,6985533D0CDADFBB0B3485BF,FA0F4D17BC722C74B3353C3C,C09E326856F749CFA70C2D55,04C1DB3A4434B9974CC24425,8AAA3C83740B5F00488E184D,C2158AFD70D8C09617D7C1C2,8DEE24201B177FAAD24BC184,225BF9101D667B1850C1F9B2,DF23AB1D215D95D769F5B640,94BAD36119948F8825672E72,73C5624F615AF1783F13069C,98D9AC96D1DCD61B50F76378,64D93584D567E24F5715D404,073D15DFB17D43956886A6A3,08E8D85D7A375C1B93ACE36A,D950FE2B088BE5CB07C9FA45,24CF2DFC1028331812B644B2,7FE86AAEE375F6AC75A63001,C855ACD07BB3D7F330C34BE2,120169CCE4A733E43BF4F7A5,3529C1E6B6AD3D00838B0279,8A97C1B5EE5E9061C954FA93,EEC46C59729E11C0989B8D65,12DC5E673367D3FCC65D5D3E,B486B049F9EC6AFBF2097855,552D1209D537CFC10CB9DFB9,7556D0C914CB3314D7550BB2,A0B581638FCAC4398239709A,9B6F8D3F6A36CD45432C31E0,7CECF4FE775C0F164B14B454,9FC4BB6882751772BF2D0111,8B359D853F349BDA91B87706,A9A20D9A6A5FEF29608FADB7,4FD1555D8803580BCC2CBF69,D47D6D6D15C40C63466951C1,97C4174894D64517CD1269A5,1C8BF6DC68B57C695DB1B769,57B22D97D211C976B0267AE8,145758D66D04821DB4DA2E8F); runOnlyForDeploymentPostprocessing = 0; };
000000000000000000000007 = {isa = PBXFrameworksBuildPhase; buildActionMask = 2147483647; files = (); runOnlyForDeploymentPostprocessing = 0; };
000000000000000000000008 = {isa = PBXResourcesBuildPhase; buildActionMask = 2147483647; files = (000000000000000000000339,000000000000000000000333,0000000000000000000000CB,0000000000000000000000CC,0000000000000000000000CD); runOnlyForDeploymentPostprocessing = 0; };
00000000000000000000000A = {isa = XCConfigurationList; buildConfigurations = (00000000000000000000000C,00000000000000000000000D); defaultConfigurationIsVisible = 0; defaultConfigurationName = Release; };
00000000000000000000000B = {isa = XCConfigurationList; buildConfigurations = (00000000000000000000000E,00000000000000000000000F); defaultConfigurationIsVisible = 0; defaultConfigurationName = Release; };
00000000000000000000000C = {isa = XCBuildConfiguration; name = Debug; buildSettings = {SDKROOT = macosx; MACOSX_DEPLOYMENT_TARGET = 13.0; CLANG_ENABLE_MODULES = YES; SWIFT_VERSION = 5.0; }; };
00000000000000000000000D = {isa = XCBuildConfiguration; name = Release; buildSettings = {SDKROOT = macosx; MACOSX_DEPLOYMENT_TARGET = 13.0; CLANG_ENABLE_MODULES = YES; SWIFT_VERSION = 5.0; }; };
00000000000000000000000E = {isa = XCBuildConfiguration; name = Debug; buildSettings = {PRODUCT_NAME = "户外装备库"; EXECUTABLE_NAME = OutdoorGear; PRODUCT_BUNDLE_IDENTIFIER = local.llxace.outdoorgear.native; INFOPLIST_FILE = Info.plist; CODE_SIGN_STYLE = Automatic; CODE_SIGN_IDENTITY = "-"; ENABLE_APP_SANDBOX = NO; SWIFT_VERSION = 5.0; SWIFT_OPTIMIZATION_LEVEL = "-Onone"; }; };
00000000000000000000000F = {isa = XCBuildConfiguration; name = Release; buildSettings = {PRODUCT_NAME = "户外装备库"; EXECUTABLE_NAME = OutdoorGear; PRODUCT_BUNDLE_IDENTIFIER = local.llxace.outdoorgear.native; INFOPLIST_FILE = Info.plist; CODE_SIGN_STYLE = Automatic; CODE_SIGN_IDENTITY = "-"; ENABLE_APP_SANDBOX = NO; SWIFT_VERSION = 5.0; SWIFT_OPTIMIZATION_LEVEL = "-O"; }; };
}; rootObject = 000000000000000000000001; }
